
Microsoft Visual Studio Solution File, Format Version 12.00
# Visual Studio 15
VisualStudioVersion = 15.0.28307.757
MinimumVisualStudioVersion = 10.0.40219.1
Project("{FAE04EC0-301F-11D3-BF4B-00C04F79EFBC}") = "MovieRentalMVCApplication", "MovieRentalMVCApplication\MovieRentalMVCApplication.csproj", "{BEC4253D-713B-477D-AD1E-63924B836912}"
EndProject
Global
	GlobalSection(SolutionConfigurationPlatforms) = preSolution
		Debug|Any CPU = Debug|Any CPU
		Release|Any CPU = Release|Any CPU
	EndGlobalSection
	GlobalSection(ProjectConfigurationPlatforms) = postSolution
		{BEC4253D-713B-477D-AD1E-63924B836912}.Debug|Any CPU.ActiveCfg = Debug|Any CPU
		{BEC4253D-713B-477D-AD1E-63924B836912}.Debug|Any CPU.Build.0 = Debug|Any CPU
		{BEC4253D-713B-477D-AD1E-63924B836912}.Release|Any CPU.ActiveCfg = Release|Any CPU
		{BEC4253D-713B-477D-AD1E-63924B836912}.Release|Any CPU.Build.0 = Release|Any CPU
	EndGlobalSection
	GlobalSection(SolutionProperties) = preSolution
		HideSolutionNode = FALSE
	EndGlobalSection
	GlobalSection(ExtensibilityGlobals) = postSolution
		SolutionGuid = {A7DA44EA-51BD-4271-ADFB-8C189D0CEE0C}
	EndGlobalSection
EndGlobal
